
Microsoft Visual Studio Solution File, Format Version 12.00
Project("{FAE04EC0-301F-11D3-BF4B-00C04F79EFBC}") = "LanguageLoaderPlugin", "LanguageLoaderPlugin\LanguageLoaderPlugin.csproj", "{DAC09E05-1B1D-4830-B7AF-B1666F7BEAAB}"
EndProject
Global
	GlobalSection(SolutionConfigurationPlatforms) = preSolution
		Debug|Any CPU = Debug|Any CPU
		Release|Any CPU = Release|Any CPU
	EndGlobalSection
	GlobalSection(ProjectConfigurationPlatforms) = postSolution
		{DAC09E05-1B1D-4830-B7AF-B1666F7BEAAB}.Debug|Any CPU.ActiveCfg = Debug|Any CPU
		{DAC09E05-1B1D-4830-B7AF-B1666F7BEAAB}.Debug|Any CPU.Build.0 = Debug|Any CPU
		{DAC09E05-1B1D-4830-B7AF-B1666F7BEAAB}.Release|Any CPU.ActiveCfg = Release|Any CPU
		{DAC09E05-1B1D-4830-B7AF-B1666F7BEAAB}.Release|Any CPU.Build.0 = Release|Any CPU
	EndGlobalSection
EndGlobal
