
Microsoft Visual Studio Solution File, Format Version 12.00
Project("{FAE04EC0-301F-11D3-BF4B-00C04F79EFBC}") = "BlueprintTweaks", "BlueprintTweaks\BlueprintTweaks.csproj", "{7C73AF8F-C989-4037-AA66-4079410103C9}"
EndProject
Project("{FAE04EC0-301F-11D3-BF4B-00C04F79EFBC}") = "BlueprintTweaksPatcher", "BlueprintTweaksPatcher\BlueprintTweaksPatcher.csproj", "{CAA211AD-13EC-42CA-A75B-C16EBC2C85BB}"
EndProject
Global
	GlobalSection(SolutionConfigurationPlatforms) = preSolution
		Debug|Any CPU = Debug|Any CPU
		Release|Any CPU = Release|Any CPU
	EndGlobalSection
	GlobalSection(ProjectConfigurationPlatforms) = postSolution
		{7C73AF8F-C989-4037-AA66-4079410103C9}.Debug|Any CPU.ActiveCfg = Debug|Any CPU
		{7C73AF8F-C989-4037-AA66-4079410103C9}.Debug|Any CPU.Build.0 = Debug|Any CPU
		{7C73AF8F-C989-4037-AA66-4079410103C9}.Release|Any CPU.ActiveCfg = Release|Any CPU
		{7C73AF8F-C989-4037-AA66-4079410103C9}.Release|Any CPU.Build.0 = Release|Any CPU
		{CAA211AD-13EC-42CA-A75B-C16EBC2C85BB}.Debug|Any CPU.ActiveCfg = Debug|Any CPU
		{CAA211AD-13EC-42CA-A75B-C16EBC2C85BB}.Debug|Any CPU.Build.0 = Debug|Any CPU
		{CAA211AD-13EC-42CA-A75B-C16EBC2C85BB}.Release|Any CPU.ActiveCfg = Release|Any CPU
		{CAA211AD-13EC-42CA-A75B-C16EBC2C85BB}.Release|Any CPU.Build.0 = Release|Any CPU
	EndGlobalSection
EndGlobal
