
Microsoft Visual Studio Solution File, Format Version 12.00
Project("{FAE04EC0-301F-11D3-BF4B-00C04F79EFBC}") = "GroundSubstation", "GroundSubstation\GroundSubstation.csproj", "{10BBE7CB-9381-45E9-9CD3-7A4920BC397D}"
EndProject
Global
	GlobalSection(SolutionConfigurationPlatforms) = preSolution
		Debug|Any CPU = Debug|Any CPU
		Release|Any CPU = Release|Any CPU
	EndGlobalSection
	GlobalSection(ProjectConfigurationPlatforms) = postSolution
		{10BBE7CB-9381-45E9-9CD3-7A4920BC397D}.Debug|Any CPU.ActiveCfg = Debug|Any CPU
		{10BBE7CB-9381-45E9-9CD3-7A4920BC397D}.Debug|Any CPU.Build.0 = Debug|Any CPU
		{10BBE7CB-9381-45E9-9CD3-7A4920BC397D}.Release|Any CPU.ActiveCfg = Release|Any CPU
		{10BBE7CB-9381-45E9-9CD3-7A4920BC397D}.Release|Any CPU.Build.0 = Release|Any CPU
	EndGlobalSection
EndGlobal
